// !$*UTF8*$!
{
	archiveVersion = 1;
	classes = {
	};
	objectVersion = 51;
	objects = {

/* Begin PBXBuildFile section */
		2428503A23CD22560093812C /* LoginRegisterVC.swift in Sources */ = {isa = PBXBuildFile; fileRef = 2428503923CD22560093812C /* LoginRegisterVC.swift */; };
		2428961723CC92300009B9DD /* AppDelegate.swift in Sources */ = {isa = PBXBuildFile; fileRef = 2428961623CC92300009B9DD /* AppDelegate.swift */; };
		2428961923CC92300009B9DD /* SceneDelegate.swift in Sources */ = {isa = PBXBuildFile; fileRef = 2428961823CC92300009B9DD /* SceneDelegate.swift */; };
		2428961B23CC92300009B9DD /* Notes.swift in Sources */ = {isa = PBXBuildFile; fileRef = 2428961A23CC92300009B9DD /* Notes.swift */; };
		2428962123CC92300009B9DD /* LessonApp.xcdatamodeld in Sources */ = {isa = PBXBuildFile; fileRef = 2428961F23CC92300009B9DD /* LessonApp.xcdatamodeld */; };
		2428962323CC92320009B9DD /* Assets.xcassets in Resources */ = {isa = PBXBuildFile; fileRef = 2428962223CC92320009B9DD /* Assets.xcassets */; };
		2428962623CC92320009B9DD /* LaunchScreen.storyboard in Resources */ = {isa = PBXBuildFile; fileRef = 2428962423CC92320009B9DD /* LaunchScreen.storyboard */; };
		2428962E23CC92780009B9DD /* CustomView.swift in Sources */ = {isa = PBXBuildFile; fileRef = 2428962D23CC92780009B9DD /* CustomView.swift */; };
		2428963023CC92890009B9DD /* LoginVC.swift in Sources */ = {isa = PBXBuildFile; fileRef = 2428962F23CC92880009B9DD /* LoginVC.swift */; };
		2428963223CC94770009B9DD /* Main.storyboard in Resources */ = {isa = PBXBuildFile; fileRef = 2428963123CC94770009B9DD /* Main.storyboard */; };
		2428963523CC94F00009B9DD /* IntroVC.swift in Sources */ = {isa = PBXBuildFile; fileRef = 2428963323CC94F00009B9DD /* IntroVC.swift */; };
		2428963623CC94F00009B9DD /* SplashVC.swift in Sources */ = {isa = PBXBuildFile; fileRef = 2428963423CC94F00009B9DD /* SplashVC.swift */; };
		2428963A23CC960B0009B9DD /* IntroData.swift in Sources */ = {isa = PBXBuildFile; fileRef = 2428963923CC960B0009B9DD /* IntroData.swift */; };
		2428963C23CC963B0009B9DD /* IntroCollectionViewCell.swift in Sources */ = {isa = PBXBuildFile; fileRef = 2428963B23CC963B0009B9DD /* IntroCollectionViewCell.swift */; };
		2428964523CCA5870009B9DD /* CustomTF.swift in Sources */ = {isa = PBXBuildFile; fileRef = 2428964423CCA5870009B9DD /* CustomTF.swift */; };
		2428964823CCD0AB0009B9DD /* HelperMethods.swift in Sources */ = {isa = PBXBuildFile; fileRef = 2428964723CCD0AB0009B9DD /* HelperMethods.swift */; };
		2428964D23CCDD2E0009B9DD /* RegisterVC.swift in Sources */ = {isa = PBXBuildFile; fileRef = 2428964C23CCDD2E0009B9DD /* RegisterVC.swift */; };
		24F29A3A23CDB1CB00C004A1 /* HomeVC.swift in Sources */ = {isa = PBXBuildFile; fileRef = 24F29A3923CDB1CB00C004A1 /* HomeVC.swift */; };
		CA55DA6884F4133AACD24ACB /* Pods_LessonApp.framework in Frameworks */ = {isa = PBXBuildFile; fileRef = 8878EE89B0E88D1CF7FC2B86 /* Pods_LessonApp.framework */; };
/* End PBXBuildFile section */

/* Begin PBXFileReference section */
		2428503923CD22560093812C /* LoginRegisterVC.swift */ = {isa = PBXFileReference; lastKnownFileType = sourcecode.swift; path = LoginRegisterVC.swift; sourceTree = "<group>"; };
		2428961323CC92300009B9DD /* LessonApp.app */ = {isa = PBXFileReference; explicitFileType = wrapper.application; includeInIndex = 0; path = LessonApp.app; sourceTree = BUILT_PRODUCTS_DIR; };
		2428961623CC92300009B9DD /* AppDelegate.swift */ = {isa = PBXFileReference; lastKnownFileType = sourcecode.swift; path = AppDelegate.swift; sourceTree = "<group>"; };
		2428961823CC92300009B9DD /* SceneDelegate.swift */ = {isa = PBXFileReference; lastKnownFileType = sourcecode.swift; path = SceneDelegate.swift; sourceTree = "<group>"; };
		2428961A23CC92300009B9DD /* Notes.swift */ = {isa = PBXFileReference; lastKnownFileType = sourcecode.swift; path = Notes.swift; sourceTree = "<group>"; };
		2428962023CC92300009B9DD /* LessonApp.xcdatamodel */ = {isa = PBXFileReference; lastKnownFileType = wrapper.xcdatamodel; path = LessonApp.xcdatamodel; sourceTree = "<group>"; };
		2428962223CC92320009B9DD /* Assets.xcassets */ = {isa = PBXFileReference; lastKnownFileType = folder.assetcatalog; path = Assets.xcassets; sourceTree = "<group>"; };
		2428962523CC92320009B9DD /* Base */ = {isa = PBXFileReference; lastKnownFileType = file.storyboard; name = Base; path = Base.lproj/LaunchScreen.storyboard; sourceTree = "<group>"; };
		2428962723CC92320009B9DD /* Info.plist */ = {isa = PBXFileReference; lastKnownFileType = text.plist.xml; path = Info.plist; sourceTree = "<group>"; };
		2428962D23CC92780009B9DD /* CustomView.swift */ = {isa = PBXFileReference; fileEncoding = 4; lastKnownFileType = sourcecode.swift; path = CustomView.swift; sourceTree = "<group>"; };
		2428962F23CC92880009B9DD /* LoginVC.swift */ = {isa = PBXFileReference; fileEncoding = 4; lastKnownFileType = sourcecode.swift; path = LoginVC.swift; sourceTree = "<group>"; };
		2428963123CC94770009B9DD /* Main.storyboard */ = {isa = PBXFileReference; fileEncoding = 4; lastKnownFileType = file.storyboard; path = Main.storyboard; sourceTree = "<group>"; };
		2428963323CC94F00009B9DD /* IntroVC.swift */ = {isa = PBXFileReference; fileEncoding = 4; lastKnownFileType = sourcecode.swift; path = IntroVC.swift; sourceTree = "<group>"; };
		2428963423CC94F00009B9DD /* SplashVC.swift */ = {isa = PBXFileReference; fileEncoding = 4; lastKnownFileType = sourcecode.swift; path = SplashVC.swift; sourceTree = "<group>"; };
		2428963923CC960B0009B9DD /* IntroData.swift */ = {isa = PBXFileReference; lastKnownFileType = sourcecode.swift; path = IntroData.swift; sourceTree = "<group>"; };
		2428963B23CC963B0009B9DD /* IntroCollectionViewCell.swift */ = {isa = PBXFileReference; fileEncoding = 4; lastKnownFileType = sourcecode.swift; path = IntroCollectionViewCell.swift; sourceTree = "<group>"; };
		2428964423CCA5870009B9DD /* CustomTF.swift */ = {isa = PBXFileReference; lastKnownFileType = sourcecode.swift; path = CustomTF.swift; sourceTree = "<group>"; };
		2428964723CCD0AB0009B9DD /* HelperMethods.swift */ = {isa = PBXFileReference; lastKnownFileType = sourcecode.swift; path = HelperMethods.swift; sourceTree = "<group>"; };
		2428964C23CCDD2E0009B9DD /* RegisterVC.swift */ = {isa = PBXFileReference; lastKnownFileType = sourcecode.swift; path = RegisterVC.swift; sourceTree = "<group>"; };
		24F29A3923CDB1CB00C004A1 /* HomeVC.swift */ = {isa = PBXFileReference; lastKnownFileType = sourcecode.swift; path = HomeVC.swift; sourceTree = "<group>"; };
		8878EE89B0E88D1CF7FC2B86 /* Pods_LessonApp.framework */ = {isa = PBXFileReference; explicitFileType = wrapper.framework; includeInIndex = 0; path = Pods_LessonApp.framework; sourceTree = BUILT_PRODUCTS_DIR; };
		B16EF864BB827FEF7A492043 /* Pods-LessonApp.debug.xcconfig */ = {isa = PBXFileReference; includeInIndex = 1; lastKnownFileType = text.xcconfig; name = "Pods-LessonApp.debug.xcconfig"; path = "Target Support Files/Pods-LessonApp/Pods-LessonApp.debug.xcconfig"; sourceTree = "<group>"; };
		CB88D7C971CCF9CEBC101505 /* Pods-LessonApp.release.xcconfig */ = {isa = PBXFileReference; includeInIndex = 1; lastKnownFileType = text.xcconfig; name = "Pods-LessonApp.release.xcconfig"; path = "Target Support Files/Pods-LessonApp/Pods-LessonApp.release.xcconfig"; sourceTree = "<group>"; };
/* End PBXFileReference section */

/* Begin PBXFrameworksBuildPhase section */
		2428961023CC92300009B9DD /* Frameworks */ = {
			isa = PBXFrameworksBuildPhase;
			buildActionMask = 2147483647;
			files = (
				CA55DA6884F4133AACD24ACB /* Pods_LessonApp.framework in Frameworks */,
			);
			runOnlyForDeploymentPostprocessing = 0;
		};
/* End PBXFrameworksBuildPhase section */

/* Begin PBXGroup section */
		1F3381B3C62914D38CC84C99 /* Pods */ = {
			isa = PBXGroup;
			children = (
				B16EF864BB827FEF7A492043 /* Pods-LessonApp.debug.xcconfig */,
				CB88D7C971CCF9CEBC101505 /* Pods-LessonApp.release.xcconfig */,
			);
			path = Pods;
			sourceTree = "<group>";
		};
		2428503723CD219D0093812C /* Login+Register */ = {
			isa = PBXGroup;
			children = (
				2428503923CD22560093812C /* LoginRegisterVC.swift */,
				2428962F23CC92880009B9DD /* LoginVC.swift */,
				2428964C23CCDD2E0009B9DD /* RegisterVC.swift */,
			);
			path = "Login+Register";
			sourceTree = "<group>";
		};
		2428503823CD21DF0093812C /* Splash+Intro */ = {
			isa = PBXGroup;
			children = (
				2428963423CC94F00009B9DD /* SplashVC.swift */,
				2428963323CC94F00009B9DD /* IntroVC.swift */,
				2428963923CC960B0009B9DD /* IntroData.swift */,
			);
			path = "Splash+Intro";
			sourceTree = "<group>";
		};
		2428960A23CC92300009B9DD = {
			isa = PBXGroup;
			children = (
				2428961A23CC92300009B9DD /* Notes.swift */,
				2428961523CC92300009B9DD /* LessonApp */,
				2428961423CC92300009B9DD /* Products */,
				1F3381B3C62914D38CC84C99 /* Pods */,
				6986377E46A920DDE5684C45 /* Frameworks */,
			);
			sourceTree = "<group>";
		};
		2428961423CC92300009B9DD /* Products */ = {
			isa = PBXGroup;
			children = (
				2428961323CC92300009B9DD /* LessonApp.app */,
			);
			name = Products;
			sourceTree = "<group>";
		};
		2428961523CC92300009B9DD /* LessonApp */ = {
			isa = PBXGroup;
			children = (
				2428963D23CC9B280009B9DD /* Core */,
				2428963E23CC9B3A0009B9DD /* Controller */,
				2428964623CCD07E0009B9DD /* Helper */,
				2428964323CC9BA70009B9DD /* Model */,
				2428964023CC9B730009B9DD /* View */,
				2428964123CC9B7E0009B9DD /* Resource */,
				2428964223CC9B930009B9DD /* Config */,
			);
			path = LessonApp;
			sourceTree = "<group>";
		};
		2428963D23CC9B280009B9DD /* Core */ = {
			isa = PBXGroup;
			children = (
				2428961623CC92300009B9DD /* AppDelegate.swift */,
				2428961823CC92300009B9DD /* SceneDelegate.swift */,
			);
			path = Core;
			sourceTree = "<group>";
		};
		2428963E23CC9B3A0009B9DD /* Controller */ = {
			isa = PBXGroup;
			children = (
				2428503823CD21DF0093812C /* Splash+Intro */,
				2428503723CD219D0093812C /* Login+Register */,
				24F29A3823CDB1A200C004A1 /* Home */,
				2428963F23CC9B600009B9DD /* Custom Cell */,
			);
			path = Controller;
			sourceTree = "<group>";
		};
		2428963F23CC9B600009B9DD /* Custom Cell */ = {
			isa = PBXGroup;
			children = (
				2428963B23CC963B0009B9DD /* IntroCollectionViewCell.swift */,
			);
			path = "Custom Cell";
			sourceTree = "<group>";
		};
		2428964023CC9B730009B9DD /* View */ = {
			isa = PBXGroup;
			children = (
				2428963123CC94770009B9DD /* Main.storyboard */,
			);
			path = View;
			sourceTree = "<group>";
		};
		2428964123CC9B7E0009B9DD /* Resource */ = {
			isa = PBXGroup;
			children = (
				2428962223CC92320009B9DD /* Assets.xcassets */,
				2428962423CC92320009B9DD /* LaunchScreen.storyboard */,
			);
			path = Resource;
			sourceTree = "<group>";
		};
		2428964223CC9B930009B9DD /* Config */ = {
			isa = PBXGroup;
			children = (
				2428962723CC92320009B9DD /* Info.plist */,
				2428961F23CC92300009B9DD /* LessonApp.xcdatamodeld */,
			);
			path = Config;
			sourceTree = "<group>";
		};
		2428964323CC9BA70009B9DD /* Model */ = {
			isa = PBXGroup;
			children = (
			);
			path = Model;
			sourceTree = "<group>";
		};
		2428964623CCD07E0009B9DD /* Helper */ = {
			isa = PBXGroup;
			children = (
				2428962D23CC92780009B9DD /* CustomView.swift */,
				2428964423CCA5870009B9DD /* CustomTF.swift */,
				2428964723CCD0AB0009B9DD /* HelperMethods.swift */,
			);
			path = Helper;
			sourceTree = "<group>";
		};
		24F29A3823CDB1A200C004A1 /* Home */ = {
			isa = PBXGroup;
			children = (
				24F29A3923CDB1CB00C004A1 /* HomeVC.swift */,
			);
			path = Home;
			sourceTree = "<group>";
		};
		6986377E46A920DDE5684C45 /* Frameworks */ = {
			isa = PBXGroup;
			children = (
				8878EE89B0E88D1CF7FC2B86 /* Pods_LessonApp.framework */,
			);
			name = Frameworks;
			sourceTree = "<group>";
		};
/* End PBXGroup section */

/* Begin PBXNativeTarget section */
		2428961223CC92300009B9DD /* LessonApp */ = {
			isa = PBXNativeTarget;
			buildConfigurationList = 2428962A23CC92320009B9DD /* Build configuration list for PBXNativeTarget "LessonApp" */;
			buildPhases = (
				C11498637DDD8399F2EECC9E /* [CP] Check Pods Manifest.lock */,
				2428960F23CC92300009B9DD /* Sources */,
				2428961023CC92300009B9DD /* Frameworks */,
				2428961123CC92300009B9DD /* Resources */,
				EF072A3F046D2F2146E34EC1 /* [CP] Embed Pods Frameworks */,
			);
			buildRules = (
			);
			dependencies = (
			);
			name = LessonApp;
			productName = LessonApp;
			productReference = 2428961323CC92300009B9DD /* LessonApp.app */;
			productType = "com.apple.product-type.application";
		};
/* End PBXNativeTarget section */

/* Begin PBXProject section */
		2428960B23CC92300009B9DD /* Project object */ = {
			isa = PBXProject;
			attributes = {
				LastSwiftUpdateCheck = 1110;
				LastUpgradeCheck = 1110;
				ORGANIZATIONNAME = "Zizo Adel";
				TargetAttributes = {
					2428961223CC92300009B9DD = {
						CreatedOnToolsVersion = 11.1;
					};
				};
			};
			buildConfigurationList = 2428960E23CC92300009B9DD /* Build configuration list for PBXProject "LessonApp" */;
			compatibilityVersion = "Xcode 9.3";
			developmentRegion = en;
			hasScannedForEncodings = 0;
			knownRegions = (
				en,
				Base,
			);
			mainGroup = 2428960A23CC92300009B9DD;
			productRefGroup = 2428961423CC92300009B9DD /* Products */;
			projectDirPath = "";
			projectRoot = "";
			targets = (
				2428961223CC92300009B9DD /* LessonApp */,
			);
		};
/* End PBXProject section */

/* Begin PBXResourcesBuildPhase section */
		2428961123CC92300009B9DD /* Resources */ = {
			isa = PBXResourcesBuildPhase;
			buildActionMask = 2147483647;
			files = (
				2428963223CC94770009B9DD /* Main.storyboard in Resources */,
				2428962623CC92320009B9DD /* LaunchScreen.storyboard in Resources */,
				2428962323CC92320009B9DD /* Assets.xcassets in Resources */,
			);
			runOnlyForDeploymentPostprocessing = 0;
		};
/* End PBXResourcesBuildPhase section */

/* Begin PBXShellScriptBuildPhase section */
		C11498637DDD8399F2EECC9E /* [CP] Check Pods Manifest.lock */ = {
			isa = PBXShellScriptBuildPhase;
			buildActionMask = 2147483647;
			files = (
			);
			inputFileListPaths = (
			);
			inputPaths = (
				"${PODS_PODFILE_DIR_PATH}/Podfile.lock",
				"${PODS_ROOT}/Manifest.lock",
			);
			name = "[CP] Check Pods Manifest.lock";
			outputFileListPaths = (
			);
			outputPaths = (
				"$(DERIVED_FILE_DIR)/Pods-LessonApp-checkManifestLockResult.txt",
			);
			runOnlyForDeploymentPostprocessing = 0;
			shellPath = /bin/sh;
			shellScript = "diff \"${PODS_PODFILE_DIR_PATH}/Podfile.lock\" \"${PODS_ROOT}/Manifest.lock\" > /dev/null\nif [ $? != 0 ] ; then\n    # print error to STDERR\n    echo \"error: The sandbox is not in sync with the Podfile.lock. Run 'pod install' or update your CocoaPods installation.\" >&2\n    exit 1\nfi\n# This output is used by Xcode 'outputs' to avoid re-running this script phase.\necho \"SUCCESS\" > \"${SCRIPT_OUTPUT_FILE_0}\"\n";
			showEnvVarsInLog = 0;
		};
		EF072A3F046D2F2146E34EC1 /* [CP] Embed Pods Frameworks */ = {
			isa = PBXShellScriptBuildPhase;
			buildActionMask = 2147483647;
			files = (
			);
			inputFileListPaths = (
				"${PODS_ROOT}/Target Support Files/Pods-LessonApp/Pods-LessonApp-frameworks-${CONFIGURATION}-input-files.xcfilelist",
			);
			name = "[CP] Embed Pods Frameworks";
			outputFileListPaths = (
				"${PODS_ROOT}/Target Support Files/Pods-LessonApp/Pods-LessonApp-frameworks-${CONFIGURATION}-output-files.xcfilelist",
			);
			runOnlyForDeploymentPostprocessing = 0;
			shellPath = /bin/sh;
			shellScript = "\"${PODS_ROOT}/Target Support Files/Pods-LessonApp/Pods-LessonApp-frameworks.sh\"\n";
			showEnvVarsInLog = 0;
		};
/* End PBXShellScriptBuildPhase section */

/* Begin PBXSourcesBuildPhase section */
		2428960F23CC92300009B9DD /* Sources */ = {
			isa = PBXSourcesBuildPhase;
			buildActionMask = 2147483647;
			files = (
				2428962E23CC92780009B9DD /* CustomView.swift in Sources */,
				2428961B23CC92300009B9DD /* Notes.swift in Sources */,
				2428964823CCD0AB0009B9DD /* HelperMethods.swift in Sources */,
				2428963023CC92890009B9DD /* LoginVC.swift in Sources */,
				2428961723CC92300009B9DD /* AppDelegate.swift in Sources */,
				2428961923CC92300009B9DD /* SceneDelegate.swift in Sources */,
				24F29A3A23CDB1CB00C004A1 /* HomeVC.swift in Sources */,
				2428503A23CD22560093812C /* LoginRegisterVC.swift in Sources */,
				2428963C23CC963B0009B9DD /* IntroCollectionViewCell.swift in Sources */,
				2428963623CC94F00009B9DD /* SplashVC.swift in Sources */,
				2428963A23CC960B0009B9DD /* IntroData.swift in Sources */,
				2428963523CC94F00009B9DD /* IntroVC.swift in Sources */,
				2428964D23CCDD2E0009B9DD /* RegisterVC.swift in Sources */,
				2428964523CCA5870009B9DD /* CustomTF.swift in Sources */,
				2428962123CC92300009B9DD /* LessonApp.xcdatamodeld in Sources */,
			);
			runOnlyForDeploymentPostprocessing = 0;
		};
/* End PBXSourcesBuildPhase section */

/* Begin PBXVariantGroup section */
		2428962423CC92320009B9DD /* LaunchScreen.storyboard */ = {
			isa = PBXVariantGroup;
			children = (
				2428962523CC92320009B9DD /* Base */,
			);
			name = LaunchScreen.storyboard;
			sourceTree = "<group>";
		};
/* End PBXVariantGroup section */

/* Begin XCBuildConfiguration section */
		2428962823CC92320009B9DD /* Debug */ = {
			isa = XCBuildConfiguration;
			buildSettings = {
				ALWAYS_SEARCH_USER_PATHS = NO;
				CLANG_ANALYZER_NONNULL = YES;
				CLANG_ANALYZER_NUMBER_OBJECT_CONVERSION = YES_AGGRESSIVE;
				CLANG_CXX_LANGUAGE_STANDARD = "gnu++14";
				CLANG_CXX_LIBRARY = "libc++";
				CLANG_ENABLE_MODULES = YES;
				CLANG_ENABLE_OBJC_ARC = YES;
				CLANG_ENABLE_OBJC_WEAK = YES;
				CLANG_WARN_BLOCK_CAPTURE_AUTORELEASING = YES;
				CLANG_WARN_BOOL_CONVERSION = YES;
				CLANG_WARN_COMMA = YES;
				CLANG_WARN_CONSTANT_CONVERSION = YES;
				CLANG_WARN_DEPRECATED_OBJC_IMPLEMENTATIONS = YES;
				CLANG_WARN_DIRECT_OBJC_ISA_USAGE = YES_ERROR;
				CLANG_WARN_DOCUMENTATION_COMMENTS = YES;
				CLANG_WARN_EMPTY_BODY = YES;
				CLANG_WARN_ENUM_CONVERSION = YES;
				CLANG_WARN_INFINITE_RECURSION = YES;
				CLANG_WARN_INT_CONVERSION = YES;
				CLANG_WARN_NON_LITERAL_NULL_CONVERSION = YES;
				CLANG_WARN_OBJC_IMPLICIT_RETAIN_SELF = YES;
				CLANG_WARN_OBJC_LITERAL_CONVERSION = YES;
				CLANG_WARN_OBJC_ROOT_CLASS = YES_ERROR;
				CLANG_WARN_RANGE_LOOP_ANALYSIS = YES;
				CLANG_WARN_STRICT_PROTOTYPES = YES;
				CLANG_WARN_SUSPICIOUS_MOVE = YES;
				CLANG_WARN_UNGUARDED_AVAILABILITY = YES_AGGRESSIVE;
				CLANG_WARN_UNREACHABLE_CODE = YES;
				CLANG_WARN__DUPLICATE_METHOD_MATCH = YES;
				COPY_PHASE_STRIP = NO;
				DEBUG_INFORMATION_FORMAT = dwarf;
				ENABLE_STRICT_OBJC_MSGSEND = YES;
				ENABLE_TESTABILITY = YES;
				GCC_C_LANGUAGE_STANDARD = gnu11;
				GCC_DYNAMIC_NO_PIC = NO;
				GCC_NO_COMMON_BLOCKS = YES;
				GCC_OPTIMIZATION_LEVEL = 0;
				GCC_PREPROCESSOR_DEFINITIONS = (
					"DEBUG=1",
					"$(inherited)",
				);
				GCC_WARN_64_TO_32_BIT_CONVERSION = YES;
				GCC_WARN_ABOUT_RETURN_TYPE = YES_ERROR;
				GCC_WARN_UNDECLARED_SELECTOR = YES;
				GCC_WARN_UNINITIALIZED_AUTOS = YES_AGGRESSIVE;
				GCC_WARN_UNUSED_FUNCTION = YES;
				GCC_WARN_UNUSED_VARIABLE = YES;
				IPHONEOS_DEPLOYMENT_TARGET = 13.1;
				MTL_ENABLE_DEBUG_INFO = INCLUDE_SOURCE;
				MTL_FAST_MATH = YES;
				ONLY_ACTIVE_ARCH = YES;
				SDKROOT = iphoneos;
				SWIFT_ACTIVE_COMPILATION_CONDITIONS = DEBUG;
				SWIFT_OPTIMIZATION_LEVEL = "-Onone";
			};
			name = Debug;
		};
		2428962923CC92320009B9DD /* Release */ = {
			isa = XCBuildConfiguration;
			buildSettings = {
				ALWAYS_SEARCH_USER_PATHS = NO;
				CLANG_ANALYZER_NONNULL = YES;
				CLANG_ANALYZER_NUMBER_OBJECT_CONVERSION = YES_AGGRESSIVE;
				CLANG_CXX_LANGUAGE_STANDARD = "gnu++14";
				CLANG_CXX_LIBRARY = "libc++";
				CLANG_ENABLE_MODULES = YES;
				CLANG_ENABLE_OBJC_ARC = YES;
				CLANG_ENABLE_OBJC_WEAK = YES;
				CLANG_WARN_BLOCK_CAPTURE_AUTORELEASING = YES;
				CLANG_WARN_BOOL_CONVERSION = YES;
				CLANG_WARN_COMMA = YES;
				CLANG_WARN_CONSTANT_CONVERSION = YES;
				CLANG_WARN_DEPRECATED_OBJC_IMPLEMENTATIONS = YES;
				CLANG_WARN_DIRECT_OBJC_ISA_USAGE = YES_ERROR;
				CLANG_WARN_DOCUMENTATION_COMMENTS = YES;
				CLANG_WARN_EMPTY_BODY = YES;
				CLANG_WARN_ENUM_CONVERSION = YES;
				CLANG_WARN_INFINITE_RECURSION = YES;
				CLANG_WARN_INT_CONVERSION = YES;
				CLANG_WARN_NON_LITERAL_NULL_CONVERSION = YES;
				CLANG_WARN_OBJC_IMPLICIT_RETAIN_SELF = YES;
				CLANG_WARN_OBJC_LITERAL_CONVERSION = YES;
				CLANG_WARN_OBJC_ROOT_CLASS = YES_ERROR;
				CLANG_WARN_RANGE_LOOP_ANALYSIS = YES;
				CLANG_WARN_STRICT_PROTOTYPES = YES;
				CLANG_WARN_SUSPICIOUS_MOVE = YES;
				CLANG_WARN_UNGUARDED_AVAILABILITY = YES_AGGRESSIVE;
				CLANG_WARN_UNREACHABLE_CODE = YES;
				CLANG_WARN__DUPLICATE_METHOD_MATCH = YES;
				COPY_PHASE_STRIP = NO;
				DEBUG_INFORMATION_FORMAT = "dwarf-with-dsym";
				ENABLE_NS_ASSERTIONS = NO;
				ENABLE_STRICT_OBJC_MSGSEND = YES;
				GCC_C_LANGUAGE_STANDARD = gnu11;
				GCC_NO_COMMON_BLOCKS = YES;
				GCC_WARN_64_TO_32_BIT_CONVERSION = YES;
				GCC_WARN_ABOUT_RETURN_TYPE = YES_ERROR;
				GCC_WARN_UNDECLARED_SELECTOR = YES;
				GCC_WARN_UNINITIALIZED_AUTOS = YES_AGGRESSIVE;
				GCC_WARN_UNUSED_FUNCTION = YES;
				GCC_WARN_UNUSED_VARIABLE = YES;
				IPHONEOS_DEPLOYMENT_TARGET = 13.1;
				MTL_ENABLE_DEBUG_INFO = NO;
				MTL_FAST_MATH = YES;
				SDKROOT = iphoneos;
				SWIFT_COMPILATION_MODE = wholemodule;
				SWIFT_OPTIMIZATION_LEVEL = "-O";
				VALIDATE_PRODUCT = YES;
			};
			name = Release;
		};
		2428962B23CC92320009B9DD /* Debug */ = {
			isa = XCBuildConfiguration;
			baseConfigurationReference = B16EF864BB827FEF7A492043 /* Pods-LessonApp.debug.xcconfig */;
			buildSettings = {
				ASSETCATALOG_COMPILER_APPICON_NAME = AppIcon;
				CODE_SIGN_STYLE = Automatic;
				INFOPLIST_FILE = LessonApp/Config/Info.plist;
				LD_RUNPATH_SEARCH_PATHS = (
					"$(inherited)",
					"@executable_path/Frameworks",
				);
				PRODUCT_BUNDLE_IDENTIFIER = com.zizo.LessonApp;
				PRODUCT_NAME = "$(TARGET_NAME)";
				SWIFT_VERSION = 5.0;
				TARGETED_DEVICE_FAMILY = "1,2";
			};
			name = Debug;
		};
		2428962C23CC92320009B9DD /* Release */ = {
			isa = XCBuildConfiguration;
			baseConfigurationReference = CB88D7C971CCF9CEBC101505 /* Pods-LessonApp.release.xcconfig */;
			buildSettings = {
				ASSETCATALOG_COMPILER_APPICON_NAME = AppIcon;
				CODE_SIGN_STYLE = Automatic;
				INFOPLIST_FILE = LessonApp/Config/Info.plist;
				LD_RUNPATH_SEARCH_PATHS = (
					"$(inherited)",
					"@executable_path/Frameworks",
				);
				PRODUCT_BUNDLE_IDENTIFIER = com.zizo.LessonApp;
				PRODUCT_NAME = "$(TARGET_NAME)";
				SWIFT_VERSION = 5.0;
				TARGETED_DEVICE_FAMILY = "1,2";
			};
			name = Release;
		};
/* End XCBuildConfiguration section */

/* Begin XCConfigurationList section */
		2428960E23CC92300009B9DD /* Build configuration list for PBXProject "LessonApp" */ = {
			isa = XCConfigurationList;
			buildConfigurations = (
				2428962823CC92320009B9DD /* Debug */,
				2428962923CC92320009B9DD /* Release */,
			);
			defaultConfigurationIsVisible = 0;
			defaultConfigurationName = Release;
		};
		2428962A23CC92320009B9DD /* Build configuration list for PBXNativeTarget "LessonApp" */ = {
			isa = XCConfigurationList;
			buildConfigurations = (
				2428962B23CC92320009B9DD /* Debug */,
				2428962C23CC92320009B9DD /* Release */,
			);
			defaultConfigurationIsVisible = 0;
			defaultConfigurationName = Release;
		};
/* End XCConfigurationList section */

/* Begin XCVersionGroup section */
		2428961F23CC92300009B9DD /* LessonApp.xcdatamodeld */ = {
			isa = XCVersionGroup;
			children = (
				2428962023CC92300009B9DD /* LessonApp.xcdatamodel */,
			);
			currentVersion = 2428962023CC92300009B9DD /* LessonApp.xcdatamodel */;
			path = LessonApp.xcdatamodeld;
			sourceTree = "<group>";
			versionGroupType = wrapper.xcdatamodel;
		};
/* End XCVersionGroup section */
	};
	rootObject = 2428960B23CC92300009B9DD /* Project object */;
}
