// !$*UTF8*$!
{
	archiveVersion = 1;
	classes = {
	};
	objectVersion = 50;
	objects = {

/* Begin PBXBuildFile section */
		2428961723CC92300009B9DD /* AppDelegate.swift in Sources */ = {isa = PBXBuildFile; fileRef = 2428961623CC92300009B9DD /* AppDelegate.swift */; };
		2428961923CC92300009B9DD /* SceneDelegate.swift in Sources */ = {isa = PBXBuildFile; fileRef = 2428961823CC92300009B9DD /* SceneDelegate.swift */; };
		2428961B23CC92300009B9DD /* ViewController.swift in Sources */ = {isa = PBXBuildFile; fileRef = 2428961A23CC92300009B9DD /* ViewController.swift */; };
		2428961E23CC92300009B9DD /* Main.storyboard in Resources */ = {isa = PBXBuildFile; fileRef = 2428961C23CC92300009B9DD /* Main.storyboard */; };
		2428962123CC92300009B9DD /* LessonApp.xcdatamodeld in Sources */ = {isa = PBXBuildFile; fileRef = 2428961F23CC92300009B9DD /* LessonApp.xcdatamodeld */; };
		2428962323CC92320009B9DD /* Assets.xcassets in Resources */ = {isa = PBXBuildFile; fileRef = 2428962223CC92320009B9DD /* Assets.xcassets */; };
		2428962623CC92320009B9DD /* LaunchScreen.storyboard in Resources */ = {isa = PBXBuildFile; fileRef = 2428962423CC92320009B9DD /* LaunchScreen.storyboard */; };
/* End PBXBuildFile section */

/* Begin PBXFileReference section */
		2428961323CC92300009B9DD /* LessonApp.app */ = {isa = PBXFileReference; explicitFileType = wrapper.application; includeInIndex = 0; path = LessonApp.app; sourceTree = BUILT_PRODUCTS_DIR; };
		2428961623CC92300009B9DD /* AppDelegate.swift */ = {isa = PBXFileReference; lastKnownFileType = sourcecode.swift; path = AppDelegate.swift; sourceTree = "<group>"; };
		2428961823CC92300009B9DD /* SceneDelegate.swift */ = {isa = PBXFileReference; lastKnownFileType = sourcecode.swift; path = SceneDelegate.swift; sourceTree = "<group>"; };
		2428961A23CC92300009B9DD /* ViewController.swift */ = {isa = PBXFileReference; lastKnownFileType = sourcecode.swift; path = ViewController.swift; sourceTree = "<group>"; };
		2428961D23CC92300009B9DD /* Base */ = {isa = PBXFileReference; lastKnownFileType = file.storyboard; name = Base; path = Base.lproj/Main.storyboard; sourceTree = "<group>"; };
		2428962023CC92300009B9DD /* LessonApp.xcdatamodel */ = {isa = PBXFileReference; lastKnownFileType = wrapper.xcdatamodel; path = LessonApp.xcdatamodel; sourceTree = "<group>"; };
		2428962223CC92320009B9DD /* Assets.xcassets */ = {isa = PBXFileReference; lastKnownFileType = folder.assetcatalog; path = Assets.xcassets; sourceTree = "<group>"; };
		2428962523CC92320009B9DD /* Base */ = {isa = PBXFileReference; lastKnownFileType = file.storyboard; name = Base; path = Base.lproj/LaunchScreen.storyboard; sourceTree = "<group>"; };
		2428962723CC92320009B9DD /* Info.plist */ = {isa = PBXFileReference; lastKnownFileType = text.plist.xml; path = Info.plist; sourceTree = "<group>"; };
/* End PBXFileReference section */

/* Begin PBXFrameworksBuildPhase section */
		2428961023CC92300009B9DD /* Frameworks */ = {
			isa = PBXFrameworksBuildPhase;
			buildActionMask = 2147483647;
			files = (
			);
			runOnlyForDeploymentPostprocessing = 0;
		};
/* End PBXFrameworksBuildPhase section */

/* Begin PBXGroup section */
		2428960A23CC92300009B9DD = {
			isa = PBXGroup;
			children = (
				2428961523CC92300009B9DD /* LessonApp */,
				2428961423CC92300009B9DD /* Products */,
			);
			sourceTree = "<group>";
		};
		2428961423CC92300009B9DD /* Products */ = {
			isa = PBXGroup;
			children = (
				2428961323CC92300009B9DD /* LessonApp.app */,
			);
			name = Products;
			sourceTree = "<group>";
		};
		2428961523CC92300009B9DD /* LessonApp */ = {
			isa = PBXGroup;
			children = (
				2428961623CC92300009B9DD /* AppDelegate.swift */,
				2428961823CC92300009B9DD /* SceneDelegate.swift */,
				2428961A23CC92300009B9DD /* ViewController.swift */,
				2428961C23CC92300009B9DD /* Main.storyboard */,
				2428962223CC92320009B9DD /* Assets.xcassets */,
				2428962423CC92320009B9DD /* LaunchScreen.storyboard */,
				2428962723CC92320009B9DD /* Info.plist */,
				2428961F23CC92300009B9DD /* LessonApp.xcdatamodeld */,
			);
			path = LessonApp;
			sourceTree = "<group>";
		};
/* End PBXGroup section */

/* Begin PBXNativeTarget section */
		2428961223CC92300009B9DD /* LessonApp */ = {
			isa = PBXNativeTarget;
			buildConfigurationList = 2428962A23CC92320009B9DD /* Build configuration list for PBXNativeTarget "LessonApp" */;
			buildPhases = (
				2428960F23CC92300009B9DD /* Sources */,
				2428961023CC92300009B9DD /* Frameworks */,
				2428961123CC92300009B9DD /* Resources */,
			);
			buildRules = (
			);
			dependencies = (
			);
			name = LessonApp;
			productName = LessonApp;
			productReference = 2428961323CC92300009B9DD /* LessonApp.app */;
			productType = "com.apple.product-type.application";
		};
/* End PBXNativeTarget section */

/* Begin PBXProject section */
		2428960B23CC92300009B9DD /* Project object */ = {
			isa = PBXProject;
			attributes = {
				LastSwiftUpdateCheck = 1110;
				LastUpgradeCheck = 1110;
				ORGANIZATIONNAME = "Zizo Adel";
				TargetAttributes = {
					2428961223CC92300009B9DD = {
						CreatedOnToolsVersion = 11.1;
					};
				};
			};
			buildConfigurationList = 2428960E23CC92300009B9DD /* Build configuration list for PBXProject "LessonApp" */;
			compatibilityVersion = "Xcode 9.3";
			developmentRegion = en;
			hasScannedForEncodings = 0;
			knownRegions = (
				en,
				Base,
			);
			mainGroup = 2428960A23CC92300009B9DD;
			productRefGroup = 2428961423CC92300009B9DD /* Products */;
			projectDirPath = "";
			projectRoot = "";
			targets = (
				2428961223CC92300009B9DD /* LessonApp */,
			);
		};
/* End PBXProject section */

/* Begin PBXResourcesBuildPhase section */
		2428961123CC92300009B9DD /* Resources */ = {
			isa = PBXResourcesBuildPhase;
			buildActionMask = 2147483647;
			files = (
				2428962623CC92320009B9DD /* LaunchScreen.storyboard in Resources */,
				2428962323CC92320009B9DD /* Assets.xcassets in Resources */,
				2428961E23CC92300009B9DD /* Main.storyboard in Resources */,
			);
			runOnlyForDeploymentPostprocessing = 0;
		};
/* End PBXResourcesBuildPhase section */

/* Begin PBXSourcesBuildPhase section */
		2428960F23CC92300009B9DD /* Sources */ = {
			isa = PBXSourcesBuildPhase;
			buildActionMask = 2147483647;
			files = (
				2428961B23CC92300009B9DD /* ViewController.swift in Sources */,
				2428961723CC92300009B9DD /* AppDelegate.swift in Sources */,
				2428961923CC92300009B9DD /* SceneDelegate.swift in Sources */,
				2428962123CC92300009B9DD /* LessonApp.xcdatamodeld in Sources */,
			);
			runOnlyForDeploymentPostprocessing = 0;
		};
/* End PBXSourcesBuildPhase section */

/* Begin PBXVariantGroup section */
		2428961C23CC92300009B9DD /* Main.storyboard */ = {
			isa = PBXVariantGroup;
			children = (
				2428961D23CC92300009B9DD /* Base */,
			);
			name = Main.storyboard;
			sourceTree = "<group>";
		};
		2428962423CC92320009B9DD /* LaunchScreen.storyboard */ = {
			isa = PBXVariantGroup;
			children = (
				2428962523CC92320009B9DD /* Base */,
			);
			name = LaunchScreen.storyboard;
			sourceTree = "<group>";
		};
/* End PBXVariantGroup section */

/* Begin XCBuildConfiguration section */
		2428962823CC92320009B9DD /* Debug */ = {
			isa = XCBuildConfiguration;
			buildSettings = {
				ALWAYS_SEARCH_USER_PATHS = NO;
				CLANG_ANALYZER_NONNULL = YES;
				CLANG_ANALYZER_NUMBER_OBJECT_CONVERSION = YES_AGGRESSIVE;
				CLANG_CXX_LANGUAGE_STANDARD = "gnu++14";
				CLANG_CXX_LIBRARY = "libc++";
				CLANG_ENABLE_MODULES = YES;
				CLANG_ENABLE_OBJC_ARC = YES;
				CLANG_ENABLE_OBJC_WEAK = YES;
				CLANG_WARN_BLOCK_CAPTURE_AUTORELEASING = YES;
				CLANG_WARN_BOOL_CONVERSION = YES;
				CLANG_WARN_COMMA = YES;
				CLANG_WARN_CONSTANT_CONVERSION = YES;
				CLANG_WARN_DEPRECATED_OBJC_IMPLEMENTATIONS = YES;
				CLANG_WARN_DIRECT_OBJC_ISA_USAGE = YES_ERROR;
				CLANG_WARN_DOCUMENTATION_COMMENTS = YES;
				CLANG_WARN_EMPTY_BODY = YES;
				CLANG_WARN_ENUM_CONVERSION = YES;
				CLANG_WARN_INFINITE_RECURSION = YES;
				CLANG_WARN_INT_CONVERSION = YES;
				CLANG_WARN_NON_LITERAL_NULL_CONVERSION = YES;
				CLANG_WARN_OBJC_IMPLICIT_RETAIN_SELF = YES;
				CLANG_WARN_OBJC_LITERAL_CONVERSION = YES;
				CLANG_WARN_OBJC_ROOT_CLASS = YES_ERROR;
				CLANG_WARN_RANGE_LOOP_ANALYSIS = YES;
				CLANG_WARN_STRICT_PROTOTYPES = YES;
				CLANG_WARN_SUSPICIOUS_MOVE = YES;
				CLANG_WARN_UNGUARDED_AVAILABILITY = YES_AGGRESSIVE;
				CLANG_WARN_UNREACHABLE_CODE = YES;
				CLANG_WARN__DUPLICATE_METHOD_MATCH = YES;
				COPY_PHASE_STRIP = NO;
				DEBUG_INFORMATION_FORMAT = dwarf;
				ENABLE_STRICT_OBJC_MSGSEND = YES;
				ENABLE_TESTABILITY = YES;
				GCC_C_LANGUAGE_STANDARD = gnu11;
				GCC_DYNAMIC_NO_PIC = NO;
				GCC_NO_COMMON_BLOCKS = YES;
				GCC_OPTIMIZATION_LEVEL = 0;
				GCC_PREPROCESSOR_DEFINITIONS = (
					"DEBUG=1",
					"$(inherited)",
				);
				GCC_WARN_64_TO_32_BIT_CONVERSION = YES;
				GCC_WARN_ABOUT_RETURN_TYPE = YES_ERROR;
				GCC_WARN_UNDECLARED_SELECTOR = YES;
				GCC_WARN_UNINITIALIZED_AUTOS = YES_AGGRESSIVE;
				GCC_WARN_UNUSED_FUNCTION = YES;
				GCC_WARN_UNUSED_VARIABLE = YES;
				IPHONEOS_DEPLOYMENT_TARGET = 13.1;
				MTL_ENABLE_DEBUG_INFO = INCLUDE_SOURCE;
				MTL_FAST_MATH = YES;
				ONLY_ACTIVE_ARCH = YES;
				SDKROOT = iphoneos;
				SWIFT_ACTIVE_COMPILATION_CONDITIONS = DEBUG;
				SWIFT_OPTIMIZATION_LEVEL = "-Onone";
			};
			name = Debug;
		};
		2428962923CC92320009B9DD /* Release */ = {
			isa = XCBuildConfiguration;
			buildSettings = {
				ALWAYS_SEARCH_USER_PATHS = NO;
				CLANG_ANALYZER_NONNULL = YES;
				CLANG_ANALYZER_NUMBER_OBJECT_CONVERSION = YES_AGGRESSIVE;
				CLANG_CXX_LANGUAGE_STANDARD = "gnu++14";
				CLANG_CXX_LIBRARY = "libc++";
				CLANG_ENABLE_MODULES = YES;
				CLANG_ENABLE_OBJC_ARC = YES;
				CLANG_ENABLE_OBJC_WEAK = YES;
				CLANG_WARN_BLOCK_CAPTURE_AUTORELEASING = YES;
				CLANG_WARN_BOOL_CONVERSION = YES;
				CLANG_WARN_COMMA = YES;
				CLANG_WARN_CONSTANT_CONVERSION = YES;
				CLANG_WARN_DEPRECATED_OBJC_IMPLEMENTATIONS = YES;
				CLANG_WARN_DIRECT_OBJC_ISA_USAGE = YES_ERROR;
				CLANG_WARN_DOCUMENTATION_COMMENTS = YES;
				CLANG_WARN_EMPTY_BODY = YES;
				CLANG_WARN_ENUM_CONVERSION = YES;
				CLANG_WARN_INFINITE_RECURSION = YES;
				CLANG_WARN_INT_CONVERSION = YES;
				CLANG_WARN_NON_LITERAL_NULL_CONVERSION = YES;
				CLANG_WARN_OBJC_IMPLICIT_RETAIN_SELF = YES;
				CLANG_WARN_OBJC_LITERAL_CONVERSION = YES;
				CLANG_WARN_OBJC_ROOT_CLASS = YES_ERROR;
				CLANG_WARN_RANGE_LOOP_ANALYSIS = YES;
				CLANG_WARN_STRICT_PROTOTYPES = YES;
				CLANG_WARN_SUSPICIOUS_MOVE = YES;
				CLANG_WARN_UNGUARDED_AVAILABILITY = YES_AGGRESSIVE;
				CLANG_WARN_UNREACHABLE_CODE = YES;
				CLANG_WARN__DUPLICATE_METHOD_MATCH = YES;
				COPY_PHASE_STRIP = NO;
				DEBUG_INFORMATION_FORMAT = "dwarf-with-dsym";
				ENABLE_NS_ASSERTIONS = NO;
				ENABLE_STRICT_OBJC_MSGSEND = YES;
				GCC_C_LANGUAGE_STANDARD = gnu11;
				GCC_NO_COMMON_BLOCKS = YES;
				GCC_WARN_64_TO_32_BIT_CONVERSION = YES;
				GCC_WARN_ABOUT_RETURN_TYPE = YES_ERROR;
				GCC_WARN_UNDECLARED_SELECTOR = YES;
				GCC_WARN_UNINITIALIZED_AUTOS = YES_AGGRESSIVE;
				GCC_WARN_UNUSED_FUNCTION = YES;
				GCC_WARN_UNUSED_VARIABLE = YES;
				IPHONEOS_DEPLOYMENT_TARGET = 13.1;
				MTL_ENABLE_DEBUG_INFO = NO;
				MTL_FAST_MATH = YES;
				SDKROOT = iphoneos;
				SWIFT_COMPILATION_MODE = wholemodule;
				SWIFT_OPTIMIZATION_LEVEL = "-O";
				VALIDATE_PRODUCT = YES;
			};
			name = Release;
		};
		2428962B23CC92320009B9DD /* Debug */ = {
			isa = XCBuildConfiguration;
			buildSettings = {
				ASSETCATALOG_COMPILER_APPICON_NAME = AppIcon;
				CODE_SIGN_STYLE = Automatic;
				INFOPLIST_FILE = LessonApp/Info.plist;
				LD_RUNPATH_SEARCH_PATHS = (
					"$(inherited)",
					"@executable_path/Frameworks",
				);
				PRODUCT_BUNDLE_IDENTIFIER = com.zizo.LessonApp;
				PRODUCT_NAME = "$(TARGET_NAME)";
				SWIFT_VERSION = 5.0;
				TARGETED_DEVICE_FAMILY = "1,2";
			};
			name = Debug;
		};
		2428962C23CC92320009B9DD /* Release */ = {
			isa = XCBuildConfiguration;
			buildSettings = {
				ASSETCATALOG_COMPILER_APPICON_NAME = AppIcon;
				CODE_SIGN_STYLE = Automatic;
				INFOPLIST_FILE = LessonApp/Info.plist;
				LD_RUNPATH_SEARCH_PATHS = (
					"$(inherited)",
					"@executable_path/Frameworks",
				);
				PRODUCT_BUNDLE_IDENTIFIER = com.zizo.LessonApp;
				PRODUCT_NAME = "$(TARGET_NAME)";
				SWIFT_VERSION = 5.0;
				TARGETED_DEVICE_FAMILY = "1,2";
			};
			name = Release;
		};
/* End XCBuildConfiguration section */

/* Begin XCConfigurationList section */
		2428960E23CC92300009B9DD /* Build configuration list for PBXProject "LessonApp" */ = {
			isa = XCConfigurationList;
			buildConfigurations = (
				2428962823CC92320009B9DD /* Debug */,
				2428962923CC92320009B9DD /* Release */,
			);
			defaultConfigurationIsVisible = 0;
			defaultConfigurationName = Release;
		};
		2428962A23CC92320009B9DD /* Build configuration list for PBXNativeTarget "LessonApp" */ = {
			isa = XCConfigurationList;
			buildConfigurations = (
				2428962B23CC92320009B9DD /* Debug */,
				2428962C23CC92320009B9DD /* Release */,
			);
			defaultConfigurationIsVisible = 0;
			defaultConfigurationName = Release;
		};
/* End XCConfigurationList section */

/* Begin XCVersionGroup section */
		2428961F23CC92300009B9DD /* LessonApp.xcdatamodeld */ = {
			isa = XCVersionGroup;
			children = (
				2428962023CC92300009B9DD /* LessonApp.xcdatamodel */,
			);
			currentVersion = 2428962023CC92300009B9DD /* LessonApp.xcdatamodel */;
			path = LessonApp.xcdatamodeld;
			sourceTree = "<group>";
			versionGroupType = wrapper.xcdatamodel;
		};
/* End XCVersionGroup section */
	};
	rootObject = 2428960B23CC92300009B9DD /* Project object */;
}
